// !$*UTF8*$!
{
	archiveVersion = 1;
	classes = {
	};
	objectVersion = 50;
	objects = {

/* Begin PBXBuildFile section */
		AF9E7ED92316667500504C8A /* AppDelegate.swift in Sources */ = {isa = PBXBuildFile; fileRef = AF9E7ED82316667500504C8A /* AppDelegate.swift */; };
		AF9E7EDB2316667500504C8A /* ViewController.swift in Sources */ = {isa = PBXBuildFile; fileRef = AF9E7EDA2316667500504C8A /* ViewController.swift */; };
		AF9E7EDE2316667500504C8A /* Main.storyboard in Resources */ = {isa = PBXBuildFile; fileRef = AF9E7EDC2316667500504C8A /* Main.storyboard */; };
		AF9E7EE12316667500504C8A /* ALRM.xcdatamodeld in Sources */ = {isa = PBXBuildFile; fileRef = AF9E7EDF2316667500504C8A /* ALRM.xcdatamodeld */; };
		AF9E7EE32316667700504C8A /* Assets.xcassets in Resources */ = {isa = PBXBuildFile; fileRef = AF9E7EE22316667700504C8A /* Assets.xcassets */; };
		AF9E7EE62316667700504C8A /* LaunchScreen.storyboard in Resources */ = {isa = PBXBuildFile; fileRef = AF9E7EE42316667700504C8A /* LaunchScreen.storyboard */; };
		AF9E7EEE2316787A00504C8A /* SecondViewController.swift in Sources */ = {isa = PBXBuildFile; fileRef = AF9E7EED2316787A00504C8A /* SecondViewController.swift */; };
/* End PBXBuildFile section */

/* Begin PBXFileReference section */
		AF9E7ED52316667500504C8A /* ALRM.app */ = {isa = PBXFileReference; explicitFileType = wrapper.application; includeInIndex = 0; path = ALRM.app; sourceTree = BUILT_PRODUCTS_DIR; };
		AF9E7ED82316667500504C8A /* AppDelegate.swift */ = {isa = PBXFileReference; lastKnownFileType = sourcecode.swift; path = AppDelegate.swift; sourceTree = "<group>"; };
		AF9E7EDA2316667500504C8A /* ViewController.swift */ = {isa = PBXFileReference; lastKnownFileType = sourcecode.swift; path = ViewController.swift; sourceTree = "<group>"; };
		AF9E7EDD2316667500504C8A /* Base */ = {isa = PBXFileReference; lastKnownFileType = file.storyboard; name = Base; path = Base.lproj/Main.storyboard; sourceTree = "<group>"; };
		AF9E7EE02316667500504C8A /* ALRM.xcdatamodel */ = {isa = PBXFileReference; lastKnownFileType = wrapper.xcdatamodel; path = ALRM.xcdatamodel; sourceTree = "<group>"; };
		AF9E7EE22316667700504C8A /* Assets.xcassets */ = {isa = PBXFileReference; lastKnownFileType = folder.assetcatalog; path = Assets.xcassets; sourceTree = "<group>"; };
		AF9E7EE52316667700504C8A /* Base */ = {isa = PBXFileReference; lastKnownFileType = file.storyboard; name = Base; path = Base.lproj/LaunchScreen.storyboard; sourceTree = "<group>"; };
		AF9E7EE72316667700504C8A /* Info.plist */ = {isa = PBXFileReference; lastKnownFileType = text.plist.xml; path = Info.plist; sourceTree = "<group>"; };
		AF9E7EED2316787A00504C8A /* SecondViewController.swift */ = {isa = PBXFileReference; lastKnownFileType = sourcecode.swift; path = SecondViewController.swift; sourceTree = "<group>"; };
/* End PBXFileReference section */

/* Begin PBXFrameworksBuildPhase section */
		AF9E7ED22316667500504C8A /* Frameworks */ = {
			isa = PBXFrameworksBuildPhase;
			buildActionMask = 2147483647;
			files = (
			);
			runOnlyForDeploymentPostprocessing = 0;
		};
/* End PBXFrameworksBuildPhase section */

/* Begin PBXGroup section */
		AF9E7ECC2316667500504C8A = {
			isa = PBXGroup;
			children = (
				AF9E7ED72316667500504C8A /* ALRM */,
				AF9E7ED62316667500504C8A /* Products */,
			);
			sourceTree = "<group>";
		};
		AF9E7ED62316667500504C8A /* Products */ = {
			isa = PBXGroup;
			children = (
				AF9E7ED52316667500504C8A /* ALRM.app */,
			);
			name = Products;
			sourceTree = "<group>";
		};
		AF9E7ED72316667500504C8A /* ALRM */ = {
			isa = PBXGroup;
			children = (
				AF9E7ED82316667500504C8A /* AppDelegate.swift */,
				AF9E7EDA2316667500504C8A /* ViewController.swift */,
				AF9E7EED2316787A00504C8A /* SecondViewController.swift */,
				AF9E7EDC2316667500504C8A /* Main.storyboard */,
				AF9E7EE22316667700504C8A /* Assets.xcassets */,
				AF9E7EE42316667700504C8A /* LaunchScreen.storyboard */,
				AF9E7EE72316667700504C8A /* Info.plist */,
				AF9E7EDF2316667500504C8A /* ALRM.xcdatamodeld */,
			);
			path = ALRM;
			sourceTree = "<group>";
		};
/* End PBXGroup section */

/* Begin PBXNativeTarget section */
		AF9E7ED42316667500504C8A /* ALRM */ = {
			isa = PBXNativeTarget;
			buildConfigurationList = AF9E7EEA2316667700504C8A /* Build configuration list for PBXNativeTarget "ALRM" */;
			buildPhases = (
				AF9E7ED12316667500504C8A /* Sources */,
				AF9E7ED22316667500504C8A /* Frameworks */,
				AF9E7ED32316667500504C8A /* Resources */,
			);
			buildRules = (
			);
			dependencies = (
			);
			name = ALRM;
			productName = ALRM;
			productReference = AF9E7ED52316667500504C8A /* ALRM.app */;
			productType = "com.apple.product-type.application";
		};
/* End PBXNativeTarget section */

/* Begin PBXProject section */
		AF9E7ECD2316667500504C8A /* Project object */ = {
			isa = PBXProject;
			attributes = {
				LastSwiftUpdateCheck = 1030;
				LastUpgradeCheck = 1030;
				ORGANIZATIONNAME = "Benji Garrison";
				TargetAttributes = {
					AF9E7ED42316667500504C8A = {
						CreatedOnToolsVersion = 10.3;
					};
				};
			};
			buildConfigurationList = AF9E7ED02316667500504C8A /* Build configuration list for PBXProject "ALRM" */;
			compatibilityVersion = "Xcode 9.3";
			developmentRegion = en;
			hasScannedForEncodings = 0;
			knownRegions = (
				en,
				Base,
			);
			mainGroup = AF9E7ECC2316667500504C8A;
			productRefGroup = AF9E7ED62316667500504C8A /* Products */;
			projectDirPath = "";
			projectRoot = "";
			targets = (
				AF9E7ED42316667500504C8A /* ALRM */,
			);
		};
/* End PBXProject section */

/* Begin PBXResourcesBuildPhase section */
		AF9E7ED32316667500504C8A /* Resources */ = {
			isa = PBXResourcesBuildPhase;
			buildActionMask = 2147483647;
			files = (
				AF9E7EE62316667700504C8A /* LaunchScreen.storyboard in Resources */,
				AF9E7EE32316667700504C8A /* Assets.xcassets in Resources */,
				AF9E7EDE2316667500504C8A /* Main.storyboard in Resources */,
			);
			runOnlyForDeploymentPostprocessing = 0;
		};
/* End PBXResourcesBuildPhase section */

/* Begin PBXSourcesBuildPhase section */
		AF9E7ED12316667500504C8A /* Sources */ = {
			isa = PBXSourcesBuildPhase;
			buildActionMask = 2147483647;
			files = (
				AF9E7EEE2316787A00504C8A /* SecondViewController.swift in Sources */,
				AF9E7EDB2316667500504C8A /* ViewController.swift in Sources */,
				AF9E7ED92316667500504C8A /* AppDelegate.swift in Sources */,
				AF9E7EE12316667500504C8A /* ALRM.xcdatamodeld in Sources */,
			);
			runOnlyForDeploymentPostprocessing = 0;
		};
/* End PBXSourcesBuildPhase section */

/* Begin PBXVariantGroup section */
		AF9E7EDC2316667500504C8A /* Main.storyboard */ = {
			isa = PBXVariantGroup;
			children = (
				AF9E7EDD2316667500504C8A /* Base */,
			);
			name = Main.storyboard;
			sourceTree = "<group>";
		};
		AF9E7EE42316667700504C8A /* LaunchScreen.storyboard */ = {
			isa = PBXVariantGroup;
			children = (
				AF9E7EE52316667700504C8A /* Base */,
			);
			name = LaunchScreen.storyboard;
			sourceTree = "<group>";
		};
/* End PBXVariantGroup section */

/* Begin XCBuildConfiguration section */
		AF9E7EE82316667700504C8A /* Debug */ = {
			isa = XCBuildConfiguration;
			buildSettings = {
				ALWAYS_SEARCH_USER_PATHS = NO;
				CLANG_ANALYZER_NONNULL = YES;
				CLANG_ANALYZER_NUMBER_OBJECT_CONVERSION = YES_AGGRESSIVE;
				CLANG_CXX_LANGUAGE_STANDARD = "gnu++14";
				CLANG_CXX_LIBRARY = "libc++";
				CLANG_ENABLE_MODULES = YES;
				CLANG_ENABLE_OBJC_ARC = YES;
				CLANG_ENABLE_OBJC_WEAK = YES;
				CLANG_WARN_BLOCK_CAPTURE_AUTORELEASING = YES;
				CLANG_WARN_BOOL_CONVERSION = YES;
				CLANG_WARN_COMMA = YES;
				CLANG_WARN_CONSTANT_CONVERSION = YES;
				CLANG_WARN_DEPRECATED_OBJC_IMPLEMENTATIONS = YES;
				CLANG_WARN_DIRECT_OBJC_ISA_USAGE = YES_ERROR;
				CLANG_WARN_DOCUMENTATION_COMMENTS = YES;
				CLANG_WARN_EMPTY_BODY = YES;
				CLANG_WARN_ENUM_CONVERSION = YES;
				CLANG_WARN_INFINITE_RECURSION = YES;
				CLANG_WARN_INT_CONVERSION = YES;
				CLANG_WARN_NON_LITERAL_NULL_CONVERSION = YES;
				CLANG_WARN_OBJC_IMPLICIT_RETAIN_SELF = YES;
				CLANG_WARN_OBJC_LITERAL_CONVERSION = YES;
				CLANG_WARN_OBJC_ROOT_CLASS = YES_ERROR;
				CLANG_WARN_RANGE_LOOP_ANALYSIS = YES;
				CLANG_WARN_STRICT_PROTOTYPES = YES;
				CLANG_WARN_SUSPICIOUS_MOVE = YES;
				CLANG_WARN_UNGUARDED_AVAILABILITY = YES_AGGRESSIVE;
				CLANG_WARN_UNREACHABLE_CODE = YES;
				CLANG_WARN__DUPLICATE_METHOD_MATCH = YES;
				CODE_SIGN_IDENTITY = "iPhone Developer";
				COPY_PHASE_STRIP = NO;
				DEBUG_INFORMATION_FORMAT = dwarf;
				ENABLE_STRICT_OBJC_MSGSEND = YES;
				ENABLE_TESTABILITY = YES;
				GCC_C_LANGUAGE_STANDARD = gnu11;
				GCC_DYNAMIC_NO_PIC = NO;
				GCC_NO_COMMON_BLOCKS = YES;
				GCC_OPTIMIZATION_LEVEL = 0;
				GCC_PREPROCESSOR_DEFINITIONS = (
					"DEBUG=1",
					"$(inherited)",
				);
				GCC_WARN_64_TO_32_BIT_CONVERSION = YES;
				GCC_WARN_ABOUT_RETURN_TYPE = YES_ERROR;
				GCC_WARN_UNDECLARED_SELECTOR = YES;
				GCC_WARN_UNINITIALIZED_AUTOS = YES_AGGRESSIVE;
				GCC_WARN_UNUSED_FUNCTION = YES;
				GCC_WARN_UNUSED_VARIABLE = YES;
				IPHONEOS_DEPLOYMENT_TARGET = 12.4;
				MTL_ENABLE_DEBUG_INFO = INCLUDE_SOURCE;
				MTL_FAST_MATH = YES;
				ONLY_ACTIVE_ARCH = YES;
				SDKROOT = iphoneos;
				SWIFT_ACTIVE_COMPILATION_CONDITIONS = DEBUG;
				SWIFT_OPTIMIZATION_LEVEL = "-Onone";
			};
			name = Debug;
		};
		AF9E7EE92316667700504C8A /* Release */ = {
			isa = XCBuildConfiguration;
			buildSettings = {
				ALWAYS_SEARCH_USER_PATHS = NO;
				CLANG_ANALYZER_NONNULL = YES;
				CLANG_ANALYZER_NUMBER_OBJECT_CONVERSION = YES_AGGRESSIVE;
				CLANG_CXX_LANGUAGE_STANDARD = "gnu++14";
				CLANG_CXX_LIBRARY = "libc++";
				CLANG_ENABLE_MODULES = YES;
				CLANG_ENABLE_OBJC_ARC = YES;
				CLANG_ENABLE_OBJC_WEAK = YES;
				CLANG_WARN_BLOCK_CAPTURE_AUTORELEASING = YES;
				CLANG_WARN_BOOL_CONVERSION = YES;
				CLANG_WARN_COMMA = YES;
				CLANG_WARN_CONSTANT_CONVERSION = YES;
				CLANG_WARN_DEPRECATED_OBJC_IMPLEMENTATIONS = YES;
				CLANG_WARN_DIRECT_OBJC_ISA_USAGE = YES_ERROR;
				CLANG_WARN_DOCUMENTATION_COMMENTS = YES;
				CLANG_WARN_EMPTY_BODY = YES;
				CLANG_WARN_ENUM_CONVERSION = YES;
				CLANG_WARN_INFINITE_RECURSION = YES;
				CLANG_WARN_INT_CONVERSION = YES;
				CLANG_WARN_NON_LITERAL_NULL_CONVERSION = YES;
				CLANG_WARN_OBJC_IMPLICIT_RETAIN_SELF = YES;
				CLANG_WARN_OBJC_LITERAL_CONVERSION = YES;
				CLANG_WARN_OBJC_ROOT_CLASS = YES_ERROR;
				CLANG_WARN_RANGE_LOOP_ANALYSIS = YES;
				CLANG_WARN_STRICT_PROTOTYPES = YES;
				CLANG_WARN_SUSPICIOUS_MOVE = YES;
				CLANG_WARN_UNGUARDED_AVAILABILITY = YES_AGGRESSIVE;
				CLANG_WARN_UNREACHABLE_CODE = YES;
				CLANG_WARN__DUPLICATE_METHOD_MATCH = YES;
				CODE_SIGN_IDENTITY = "iPhone Developer";
				COPY_PHASE_STRIP = NO;
				DEBUG_INFORMATION_FORMAT = "dwarf-with-dsym";
				ENABLE_NS_ASSERTIONS = NO;
				ENABLE_STRICT_OBJC_MSGSEND = YES;
				GCC_C_LANGUAGE_STANDARD = gnu11;
				GCC_NO_COMMON_BLOCKS = YES;
				GCC_WARN_64_TO_32_BIT_CONVERSION = YES;
				GCC_WARN_ABOUT_RETURN_TYPE = YES_ERROR;
				GCC_WARN_UNDECLARED_SELECTOR = YES;
				GCC_WARN_UNINITIALIZED_AUTOS = YES_AGGRESSIVE;
				GCC_WARN_UNUSED_FUNCTION = YES;
				GCC_WARN_UNUSED_VARIABLE = YES;
				IPHONEOS_DEPLOYMENT_TARGET = 12.4;
				MTL_ENABLE_DEBUG_INFO = NO;
				MTL_FAST_MATH = YES;
				SDKROOT = iphoneos;
				SWIFT_COMPILATION_MODE = wholemodule;
				SWIFT_OPTIMIZATION_LEVEL = "-O";
				VALIDATE_PRODUCT = YES;
			};
			name = Release;
		};
		AF9E7EEB2316667700504C8A /* Debug */ = {
			isa = XCBuildConfiguration;
			buildSettings = {
				ASSETCATALOG_COMPILER_APPICON_NAME = AppIcon;
				CODE_SIGN_STYLE = Automatic;
				DEVELOPMENT_TEAM = J8HRFYT9P7;
				INFOPLIST_FILE = ALRM/Info.plist;
				LD_RUNPATH_SEARCH_PATHS = (
					"$(inherited)",
					"@executable_path/Frameworks",
				);
				PRODUCT_BUNDLE_IDENTIFIER = com.benjiGarrison.ALRM;
				PRODUCT_NAME = "$(TARGET_NAME)";
				SWIFT_VERSION = 5.0;
				TARGETED_DEVICE_FAMILY = "1,2";
			};
			name = Debug;
		};
		AF9E7EEC2316667700504C8A /* Release */ = {
			isa = XCBuildConfiguration;
			buildSettings = {
				ASSETCATALOG_COMPILER_APPICON_NAME = AppIcon;
				CODE_SIGN_STYLE = Automatic;
				DEVELOPMENT_TEAM = J8HRFYT9P7;
				INFOPLIST_FILE = ALRM/Info.plist;
				LD_RUNPATH_SEARCH_PATHS = (
					"$(inherited)",
					"@executable_path/Frameworks",
				);
				PRODUCT_BUNDLE_IDENTIFIER = com.benjiGarrison.ALRM;
				PRODUCT_NAME = "$(TARGET_NAME)";
				SWIFT_VERSION = 5.0;
				TARGETED_DEVICE_FAMILY = "1,2";
			};
			name = Release;
		};
/* End XCBuildConfiguration section */

/* Begin XCConfigurationList section */
		AF9E7ED02316667500504C8A /* Build configuration list for PBXProject "ALRM" */ = {
			isa = XCConfigurationList;
			buildConfigurations = (
				AF9E7EE82316667700504C8A /* Debug */,
				AF9E7EE92316667700504C8A /* Release */,
			);
			defaultConfigurationIsVisible = 0;
			defaultConfigurationName = Release;
		};
		AF9E7EEA2316667700504C8A /* Build configuration list for PBXNativeTarget "ALRM" */ = {
			isa = XCConfigurationList;
			buildConfigurations = (
				AF9E7EEB2316667700504C8A /* Debug */,
				AF9E7EEC2316667700504C8A /* Release */,
			);
			defaultConfigurationIsVisible = 0;
			defaultConfigurationName = Release;
		};
/* End XCConfigurationList section */

/* Begin XCVersionGroup section */
		AF9E7EDF2316667500504C8A /* ALRM.xcdatamodeld */ = {
			isa = XCVersionGroup;
			children = (
				AF9E7EE02316667500504C8A /* ALRM.xcdatamodel */,
			);
			currentVersion = AF9E7EE02316667500504C8A /* ALRM.xcdatamodel */;
			path = ALRM.xcdatamodeld;
			sourceTree = "<group>";
			versionGroupType = wrapper.xcdatamodel;
		};
/* End XCVersionGroup section */
	};
	rootObject = AF9E7ECD2316667500504C8A /* Project object */;
}
